
Microsoft Visual Studio Solution File, Format Version 12.00
# Visual Studio Version 17
VisualStudioVersion = 17.13.35931.197 d17.13
MinimumVisualStudioVersion = 10.0.40219.1
Project("{FAE04EC0-301F-11D3-BF4B-00C04F79EFBC}") = "EmployeeManagementSystem", "EmployeeManagementSystem\EmployeeManagementSystem.csproj", "{164B1857-3353-460D-A640-0D9EB8B1ACA8}"
EndProject
Global
	GlobalSection(SolutionConfigurationPlatforms) = preSolution
		Debug|Any CPU = Debug|Any CPU
		Release|Any CPU = Release|Any CPU
	EndGlobalSection
	GlobalSection(ProjectConfigurationPlatforms) = postSolution
		{164B1857-3353-460D-A640-0D9EB8B1ACA8}.Debug|Any CPU.ActiveCfg = Debug|Any CPU
		{164B1857-3353-460D-A640-0D9EB8B1ACA8}.Debug|Any CPU.Build.0 = Debug|Any CPU
		{164B1857-3353-460D-A640-0D9EB8B1ACA8}.Release|Any CPU.ActiveCfg = Release|Any CPU
		{164B1857-3353-460D-A640-0D9EB8B1ACA8}.Release|Any CPU.Build.0 = Release|Any CPU
	EndGlobalSection
	GlobalSection(SolutionProperties) = preSolution
		HideSolutionNode = FALSE
	EndGlobalSection
	GlobalSection(ExtensibilityGlobals) = postSolution
		SolutionGuid = {8817F180-8DA4-424B-A94D-418C10F1C149}
	EndGlobalSection
EndGlobal
